// !$*UTF8*$!
{
	archiveVersion = 1;
	classes = {
	};
	objectVersion = 50;
	objects = {

/* Begin PBXBuildFile section */
		4654869624FF4BC500888167 /* AppDelegate.m in Sources */ = {isa = PBXBuildFile; fileRef = 4654869524FF4BC500888167 /* AppDelegate.m */; };
		4654869924FF4BC500888167 /* SceneDelegate.m in Sources */ = {isa = PBXBuildFile; fileRef = 4654869824FF4BC500888167 /* SceneDelegate.m */; };
		4654869C24FF4BC500888167 /* ViewController.m in Sources */ = {isa = PBXBuildFile; fileRef = 4654869B24FF4BC500888167 /* ViewController.m */; };
		4654869F24FF4BC500888167 /* Main.storyboard in Resources */ = {isa = PBXBuildFile; fileRef = 4654869D24FF4BC500888167 /* Main.storyboard */; };
		465486A124FF4BC600888167 /* Assets.xcassets in Resources */ = {isa = PBXBuildFile; fileRef = 465486A024FF4BC600888167 /* Assets.xcassets */; };
		465486A424FF4BC600888167 /* LaunchScreen.storyboard in Resources */ = {isa = PBXBuildFile; fileRef = 465486A224FF4BC600888167 /* LaunchScreen.storyboard */; };
		465486A724FF4BC600888167 /* main.m in Sources */ = {isa = PBXBuildFile; fileRef = 465486A624FF4BC600888167 /* main.m */; };
		465486AF24FF819800888167 /* CollectionViewCell.m in Sources */ = {isa = PBXBuildFile; fileRef = 465486AE24FF819800888167 /* CollectionViewCell.m */; };
		465486B224FF822600888167 /* RAViewController.m in Sources */ = {isa = PBXBuildFile; fileRef = 465486B124FF822600888167 /* RAViewController.m */; };
/* End PBXBuildFile section */

/* Begin PBXFileReference section */
		4654869124FF4BC500888167 /* ATB.app */ = {isa = PBXFileReference; explicitFileType = wrapper.application; includeInIndex = 0; path = ATB.app; sourceTree = BUILT_PRODUCTS_DIR; };
		4654869424FF4BC500888167 /* AppDelegate.h */ = {isa = PBXFileReference; lastKnownFileType = sourcecode.c.h; path = AppDelegate.h; sourceTree = "<group>"; };
		4654869524FF4BC500888167 /* AppDelegate.m */ = {isa = PBXFileReference; lastKnownFileType = sourcecode.c.objc; path = AppDelegate.m; sourceTree = "<group>"; };
		4654869724FF4BC500888167 /* SceneDelegate.h */ = {isa = PBXFileReference; lastKnownFileType = sourcecode.c.h; path = SceneDelegate.h; sourceTree = "<group>"; };
		4654869824FF4BC500888167 /* SceneDelegate.m */ = {isa = PBXFileReference; lastKnownFileType = sourcecode.c.objc; path = SceneDelegate.m; sourceTree = "<group>"; };
		4654869A24FF4BC500888167 /* ViewController.h */ = {isa = PBXFileReference; lastKnownFileType = sourcecode.c.h; path = ViewController.h; sourceTree = "<group>"; };
		4654869B24FF4BC500888167 /* ViewController.m */ = {isa = PBXFileReference; lastKnownFileType = sourcecode.c.objc; path = ViewController.m; sourceTree = "<group>"; };
		4654869E24FF4BC500888167 /* Base */ = {isa = PBXFileReference; lastKnownFileType = file.storyboard; name = Base; path = Base.lproj/Main.storyboard; sourceTree = "<group>"; };
		465486A024FF4BC600888167 /* Assets.xcassets */ = {isa = PBXFileReference; lastKnownFileType = folder.assetcatalog; path = Assets.xcassets; sourceTree = "<group>"; };
		465486A324FF4BC600888167 /* Base */ = {isa = PBXFileReference; lastKnownFileType = file.storyboard; name = Base; path = Base.lproj/LaunchScreen.storyboard; sourceTree = "<group>"; };
		465486A524FF4BC600888167 /* Info.plist */ = {isa = PBXFileReference; lastKnownFileType = text.plist.xml; path = Info.plist; sourceTree = "<group>"; };
		465486A624FF4BC600888167 /* main.m */ = {isa = PBXFileReference; lastKnownFileType = sourcecode.c.objc; path = main.m; sourceTree = "<group>"; };
		465486AD24FF819800888167 /* CollectionViewCell.h */ = {isa = PBXFileReference; lastKnownFileType = sourcecode.c.h; path = CollectionViewCell.h; sourceTree = "<group>"; };
		465486AE24FF819800888167 /* CollectionViewCell.m */ = {isa = PBXFileReference; lastKnownFileType = sourcecode.c.objc; path = CollectionViewCell.m; sourceTree = "<group>"; };
		465486B024FF822600888167 /* RAViewController.h */ = {isa = PBXFileReference; lastKnownFileType = sourcecode.c.h; path = RAViewController.h; sourceTree = "<group>"; };
		465486B124FF822600888167 /* RAViewController.m */ = {isa = PBXFileReference; lastKnownFileType = sourcecode.c.objc; path = RAViewController.m; sourceTree = "<group>"; };
/* End PBXFileReference section */

/* Begin PBXFrameworksBuildPhase section */
		4654868E24FF4BC500888167 /* Frameworks */ = {
			isa = PBXFrameworksBuildPhase;
			buildActionMask = 2147483647;
			files = (
			);
			runOnlyForDeploymentPostprocessing = 0;
		};
/* End PBXFrameworksBuildPhase section */

/* Begin PBXGroup section */
		4654868824FF4BC500888167 = {
			isa = PBXGroup;
			children = (
				4654869324FF4BC500888167 /* ATB */,
				4654869224FF4BC500888167 /* Products */,
			);
			sourceTree = "<group>";
		};
		4654869224FF4BC500888167 /* Products */ = {
			isa = PBXGroup;
			children = (
				4654869124FF4BC500888167 /* ATB.app */,
			);
			name = Products;
			sourceTree = "<group>";
		};
		4654869324FF4BC500888167 /* ATB */ = {
			isa = PBXGroup;
			children = (
				4654869424FF4BC500888167 /* AppDelegate.h */,
				4654869524FF4BC500888167 /* AppDelegate.m */,
				4654869724FF4BC500888167 /* SceneDelegate.h */,
				4654869824FF4BC500888167 /* SceneDelegate.m */,
				4654869A24FF4BC500888167 /* ViewController.h */,
				4654869B24FF4BC500888167 /* ViewController.m */,
				4654869D24FF4BC500888167 /* Main.storyboard */,
				465486A024FF4BC600888167 /* Assets.xcassets */,
				465486A224FF4BC600888167 /* LaunchScreen.storyboard */,
				465486A524FF4BC600888167 /* Info.plist */,
				465486A624FF4BC600888167 /* main.m */,
				465486AD24FF819800888167 /* CollectionViewCell.h */,
				465486AE24FF819800888167 /* CollectionViewCell.m */,
				465486B024FF822600888167 /* RAViewController.h */,
				465486B124FF822600888167 /* RAViewController.m */,
			);
			path = ATB;
			sourceTree = "<group>";
		};
/* End PBXGroup section */

/* Begin PBXNativeTarget section */
		4654869024FF4BC500888167 /* ATB */ = {
			isa = PBXNativeTarget;
			buildConfigurationList = 465486AA24FF4BC600888167 /* Build configuration list for PBXNativeTarget "ATB" */;
			buildPhases = (
				4654868D24FF4BC500888167 /* Sources */,
				4654868E24FF4BC500888167 /* Frameworks */,
				4654868F24FF4BC500888167 /* Resources */,
			);
			buildRules = (
			);
			dependencies = (
			);
			name = ATB;
			productName = ATB;
			productReference = 4654869124FF4BC500888167 /* ATB.app */;
			productType = "com.apple.product-type.application";
		};
/* End PBXNativeTarget section */

/* Begin PBXProject section */
		4654868924FF4BC500888167 /* Project object */ = {
			isa = PBXProject;
			attributes = {
				LastUpgradeCheck = 1160;
				ORGANIZATIONNAME = Mr.hu;
				TargetAttributes = {
					4654869024FF4BC500888167 = {
						CreatedOnToolsVersion = 11.6;
					};
				};
			};
			buildConfigurationList = 4654868C24FF4BC500888167 /* Build configuration list for PBXProject "ATB" */;
			compatibilityVersion = "Xcode 9.3";
			developmentRegion = en;
			hasScannedForEncodings = 0;
			knownRegions = (
				en,
				Base,
			);
			mainGroup = 4654868824FF4BC500888167;
			productRefGroup = 4654869224FF4BC500888167 /* Products */;
			projectDirPath = "";
			projectRoot = "";
			targets = (
				4654869024FF4BC500888167 /* ATB */,
			);
		};
/* End PBXProject section */

/* Begin PBXResourcesBuildPhase section */
		4654868F24FF4BC500888167 /* Resources */ = {
			isa = PBXResourcesBuildPhase;
			buildActionMask = 2147483647;
			files = (
				465486A424FF4BC600888167 /* LaunchScreen.storyboard in Resources */,
				465486A124FF4BC600888167 /* Assets.xcassets in Resources */,
				4654869F24FF4BC500888167 /* Main.storyboard in Resources */,
			);
			runOnlyForDeploymentPostprocessing = 0;
		};
/* End PBXResourcesBuildPhase section */

/* Begin PBXSourcesBuildPhase section */
		4654868D24FF4BC500888167 /* Sources */ = {
			isa = PBXSourcesBuildPhase;
			buildActionMask = 2147483647;
			files = (
				4654869C24FF4BC500888167 /* ViewController.m in Sources */,
				465486AF24FF819800888167 /* CollectionViewCell.m in Sources */,
				4654869624FF4BC500888167 /* AppDelegate.m in Sources */,
				465486A724FF4BC600888167 /* main.m in Sources */,
				4654869924FF4BC500888167 /* SceneDelegate.m in Sources */,
				465486B224FF822600888167 /* RAViewController.m in Sources */,
			);
			runOnlyForDeploymentPostprocessing = 0;
		};
/* End PBXSourcesBuildPhase section */

/* Begin PBXVariantGroup section */
		4654869D24FF4BC500888167 /* Main.storyboard */ = {
			isa = PBXVariantGroup;
			children = (
				4654869E24FF4BC500888167 /* Base */,
			);
			name = Main.storyboard;
			sourceTree = "<group>";
		};
		465486A224FF4BC600888167 /* LaunchScreen.storyboard */ = {
			isa = PBXVariantGroup;
			children = (
				465486A324FF4BC600888167 /* Base */,
			);
			name = LaunchScreen.storyboard;
			sourceTree = "<group>";
		};
/* End PBXVariantGroup section */

/* Begin XCBuildConfiguration section */
		465486A824FF4BC600888167 /* Debug */ = {
			isa = XCBuildConfiguration;
			buildSettings = {
				ALWAYS_SEARCH_USER_PATHS = NO;
				CLANG_ANALYZER_NONNULL = YES;
				CLANG_ANALYZER_NUMBER_OBJECT_CONVERSION = YES_AGGRESSIVE;
				CLANG_CXX_LANGUAGE_STANDARD = "gnu++14";
				CLANG_CXX_LIBRARY = "libc++";
				CLANG_ENABLE_MODULES = YES;
				CLANG_ENABLE_OBJC_ARC = YES;
				CLANG_ENABLE_OBJC_WEAK = YES;
				CLANG_WARN_BLOCK_CAPTURE_AUTORELEASING = YES;
				CLANG_WARN_BOOL_CONVERSION = YES;
				CLANG_WARN_COMMA = YES;
				CLANG_WARN_CONSTANT_CONVERSION = YES;
				CLANG_WARN_DEPRECATED_OBJC_IMPLEMENTATIONS = YES;
				CLANG_WARN_DIRECT_OBJC_ISA_USAGE = YES_ERROR;
				CLANG_WARN_DOCUMENTATION_COMMENTS = YES;
				CLANG_WARN_EMPTY_BODY = YES;
				CLANG_WARN_ENUM_CONVERSION = YES;
				CLANG_WARN_INFINITE_RECURSION = YES;
				CLANG_WARN_INT_CONVERSION = YES;
				CLANG_WARN_NON_LITERAL_NULL_CONVERSION = YES;
				CLANG_WARN_OBJC_IMPLICIT_RETAIN_SELF = YES;
				CLANG_WARN_OBJC_LITERAL_CONVERSION = YES;
				CLANG_WARN_OBJC_ROOT_CLASS = YES_ERROR;
				CLANG_WARN_RANGE_LOOP_ANALYSIS = YES;
				CLANG_WARN_STRICT_PROTOTYPES = YES;
				CLANG_WARN_SUSPICIOUS_MOVE = YES;
				CLANG_WARN_UNGUARDED_AVAILABILITY = YES_AGGRESSIVE;
				CLANG_WARN_UNREACHABLE_CODE = YES;
				CLANG_WARN__DUPLICATE_METHOD_MATCH = YES;
				COPY_PHASE_STRIP = NO;
				DEBUG_INFORMATION_FORMAT = dwarf;
				ENABLE_STRICT_OBJC_MSGSEND = YES;
				ENABLE_TESTABILITY = YES;
				GCC_C_LANGUAGE_STANDARD = gnu11;
				GCC_DYNAMIC_NO_PIC = NO;
				GCC_NO_COMMON_BLOCKS = YES;
				GCC_OPTIMIZATION_LEVEL = 0;
				GCC_PREPROCESSOR_DEFINITIONS = (
					"DEBUG=1",
					"$(inherited)",
				);
				GCC_WARN_64_TO_32_BIT_CONVERSION = YES;
				GCC_WARN_ABOUT_RETURN_TYPE = YES_ERROR;
				GCC_WARN_UNDECLARED_SELECTOR = YES;
				GCC_WARN_UNINITIALIZED_AUTOS = YES_AGGRESSIVE;
				GCC_WARN_UNUSED_FUNCTION = YES;
				GCC_WARN_UNUSED_VARIABLE = YES;
				IPHONEOS_DEPLOYMENT_TARGET = 13.6;
				MTL_ENABLE_DEBUG_INFO = INCLUDE_SOURCE;
				MTL_FAST_MATH = YES;
				ONLY_ACTIVE_ARCH = YES;
				SDKROOT = iphoneos;
			};
			name = Debug;
		};
		465486A924FF4BC600888167 /* Release */ = {
			isa = XCBuildConfiguration;
			buildSettings = {
				ALWAYS_SEARCH_USER_PATHS = NO;
				CLANG_ANALYZER_NONNULL = YES;
				CLANG_ANALYZER_NUMBER_OBJECT_CONVERSION = YES_AGGRESSIVE;
				CLANG_CXX_LANGUAGE_STANDARD = "gnu++14";
				CLANG_CXX_LIBRARY = "libc++";
				CLANG_ENABLE_MODULES = YES;
				CLANG_ENABLE_OBJC_ARC = YES;
				CLANG_ENABLE_OBJC_WEAK = YES;
				CLANG_WARN_BLOCK_CAPTURE_AUTORELEASING = YES;
				CLANG_WARN_BOOL_CONVERSION = YES;
				CLANG_WARN_COMMA = YES;
				CLANG_WARN_CONSTANT_CONVERSION = YES;
				CLANG_WARN_DEPRECATED_OBJC_IMPLEMENTATIONS = YES;
				CLANG_WARN_DIRECT_OBJC_ISA_USAGE = YES_ERROR;
				CLANG_WARN_DOCUMENTATION_COMMENTS = YES;
				CLANG_WARN_EMPTY_BODY = YES;
				CLANG_WARN_ENUM_CONVERSION = YES;
				CLANG_WARN_INFINITE_RECURSION = YES;
				CLANG_WARN_INT_CONVERSION = YES;
				CLANG_WARN_NON_LITERAL_NULL_CONVERSION = YES;
				CLANG_WARN_OBJC_IMPLICIT_RETAIN_SELF = YES;
				CLANG_WARN_OBJC_LITERAL_CONVERSION = YES;
				CLANG_WARN_OBJC_ROOT_CLASS = YES_ERROR;
				CLANG_WARN_RANGE_LOOP_ANALYSIS = YES;
				CLANG_WARN_STRICT_PROTOTYPES = YES;
				CLANG_WARN_SUSPICIOUS_MOVE = YES;
				CLANG_WARN_UNGUARDED_AVAILABILITY = YES_AGGRESSIVE;
				CLANG_WARN_UNREACHABLE_CODE = YES;
				CLANG_WARN__DUPLICATE_METHOD_MATCH = YES;
				COPY_PHASE_STRIP = NO;
				DEBUG_INFORMATION_FORMAT = "dwarf-with-dsym";
				ENABLE_NS_ASSERTIONS = NO;
				ENABLE_STRICT_OBJC_MSGSEND = YES;
				GCC_C_LANGUAGE_STANDARD = gnu11;
				GCC_NO_COMMON_BLOCKS = YES;
				GCC_WARN_64_TO_32_BIT_CONVERSION = YES;
				GCC_WARN_ABOUT_RETURN_TYPE = YES_ERROR;
				GCC_WARN_UNDECLARED_SELECTOR = YES;
				GCC_WARN_UNINITIALIZED_AUTOS = YES_AGGRESSIVE;
				GCC_WARN_UNUSED_FUNCTION = YES;
				GCC_WARN_UNUSED_VARIABLE = YES;
				IPHONEOS_DEPLOYMENT_TARGET = 13.6;
				MTL_ENABLE_DEBUG_INFO = NO;
				MTL_FAST_MATH = YES;
				SDKROOT = iphoneos;
				VALIDATE_PRODUCT = YES;
			};
			name = Release;
		};
		465486AB24FF4BC600888167 /* Debug */ = {
			isa = XCBuildConfiguration;
			buildSettings = {
				ASSETCATALOG_COMPILER_APPICON_NAME = AppIcon;
				CODE_SIGN_STYLE = Automatic;
				DEVELOPMENT_TEAM = UF352PYY29;
				INFOPLIST_FILE = ATB/Info.plist;
				LD_RUNPATH_SEARCH_PATHS = (
					"$(inherited)",
					"@executable_path/Frameworks",
				);
				PRODUCT_BUNDLE_IDENTIFIER = com.freedom.ATB;
				PRODUCT_NAME = "$(TARGET_NAME)";
				TARGETED_DEVICE_FAMILY = 1;
			};
			name = Debug;
		};
		465486AC24FF4BC600888167 /* Release */ = {
			isa = XCBuildConfiguration;
			buildSettings = {
				ASSETCATALOG_COMPILER_APPICON_NAME = AppIcon;
				CODE_SIGN_STYLE = Automatic;
				DEVELOPMENT_TEAM = UF352PYY29;
				INFOPLIST_FILE = ATB/Info.plist;
				LD_RUNPATH_SEARCH_PATHS = (
					"$(inherited)",
					"@executable_path/Frameworks",
				);
				PRODUCT_BUNDLE_IDENTIFIER = com.freedom.ATB;
				PRODUCT_NAME = "$(TARGET_NAME)";
				TARGETED_DEVICE_FAMILY = 1;
			};
			name = Release;
		};
/* End XCBuildConfiguration section */

/* Begin XCConfigurationList section */
		4654868C24FF4BC500888167 /* Build configuration list for PBXProject "ATB" */ = {
			isa = XCConfigurationList;
			buildConfigurations = (
				465486A824FF4BC600888167 /* Debug */,
				465486A924FF4BC600888167 /* Release */,
			);
			defaultConfigurationIsVisible = 0;
			defaultConfigurationName = Release;
		};
		465486AA24FF4BC600888167 /* Build configuration list for PBXNativeTarget "ATB" */ = {
			isa = XCConfigurationList;
			buildConfigurations = (
				465486AB24FF4BC600888167 /* Debug */,
				465486AC24FF4BC600888167 /* Release */,
			);
			defaultConfigurationIsVisible = 0;
			defaultConfigurationName = Release;
		};
/* End XCConfigurationList section */
	};
	rootObject = 4654868924FF4BC500888167 /* Project object */;
}
