// !$*UTF8*$!
{
	archiveVersion = 1;
	classes = {
	};
	objectVersion = 50;
	objects = {

/* Begin PBXBuildFile section */
		46A3029C2485F1410096F168 /* AppDelegate.m in Sources */ = {isa = PBXBuildFile; fileRef = 46A3029B2485F1410096F168 /* AppDelegate.m */; };
		46A3029F2485F1410096F168 /* SceneDelegate.m in Sources */ = {isa = PBXBuildFile; fileRef = 46A3029E2485F1410096F168 /* SceneDelegate.m */; };
		46A302A22485F1410096F168 /* ViewController.m in Sources */ = {isa = PBXBuildFile; fileRef = 46A302A12485F1410096F168 /* ViewController.m */; };
		46A302A52485F1410096F168 /* Main.storyboard in Resources */ = {isa = PBXBuildFile; fileRef = 46A302A32485F1410096F168 /* Main.storyboard */; };
		46A302A72485F1430096F168 /* Assets.xcassets in Resources */ = {isa = PBXBuildFile; fileRef = 46A302A62485F1430096F168 /* Assets.xcassets */; };
		46A302AA2485F1430096F168 /* LaunchScreen.storyboard in Resources */ = {isa = PBXBuildFile; fileRef = 46A302A82485F1430096F168 /* LaunchScreen.storyboard */; };
		46A302AD2485F1430096F168 /* main.m in Sources */ = {isa = PBXBuildFile; fileRef = 46A302AC2485F1430096F168 /* main.m */; };
		46A302B52485FA7A0096F168 /* XXNSHashTable.m in Sources */ = {isa = PBXBuildFile; fileRef = 46A302B42485FA7A0096F168 /* XXNSHashTable.m */; };
		46A302B82485FE920096F168 /* Singleton.m in Sources */ = {isa = PBXBuildFile; fileRef = 46A302B72485FE920096F168 /* Singleton.m */; };
/* End PBXBuildFile section */

/* Begin PBXFileReference section */
		46A302972485F1410096F168 /* iOSMap.app */ = {isa = PBXFileReference; explicitFileType = wrapper.application; includeInIndex = 0; path = iOSMap.app; sourceTree = BUILT_PRODUCTS_DIR; };
		46A3029A2485F1410096F168 /* AppDelegate.h */ = {isa = PBXFileReference; lastKnownFileType = sourcecode.c.h; path = AppDelegate.h; sourceTree = "<group>"; };
		46A3029B2485F1410096F168 /* AppDelegate.m */ = {isa = PBXFileReference; lastKnownFileType = sourcecode.c.objc; path = AppDelegate.m; sourceTree = "<group>"; };
		46A3029D2485F1410096F168 /* SceneDelegate.h */ = {isa = PBXFileReference; lastKnownFileType = sourcecode.c.h; path = SceneDelegate.h; sourceTree = "<group>"; };
		46A3029E2485F1410096F168 /* SceneDelegate.m */ = {isa = PBXFileReference; lastKnownFileType = sourcecode.c.objc; path = SceneDelegate.m; sourceTree = "<group>"; };
		46A302A02485F1410096F168 /* ViewController.h */ = {isa = PBXFileReference; lastKnownFileType = sourcecode.c.h; path = ViewController.h; sourceTree = "<group>"; };
		46A302A12485F1410096F168 /* ViewController.m */ = {isa = PBXFileReference; lastKnownFileType = sourcecode.c.objc; path = ViewController.m; sourceTree = "<group>"; };
		46A302A42485F1410096F168 /* Base */ = {isa = PBXFileReference; lastKnownFileType = file.storyboard; name = Base; path = Base.lproj/Main.storyboard; sourceTree = "<group>"; };
		46A302A62485F1430096F168 /* Assets.xcassets */ = {isa = PBXFileReference; lastKnownFileType = folder.assetcatalog; path = Assets.xcassets; sourceTree = "<group>"; };
		46A302A92485F1430096F168 /* Base */ = {isa = PBXFileReference; lastKnownFileType = file.storyboard; name = Base; path = Base.lproj/LaunchScreen.storyboard; sourceTree = "<group>"; };
		46A302AB2485F1430096F168 /* Info.plist */ = {isa = PBXFileReference; lastKnownFileType = text.plist.xml; path = Info.plist; sourceTree = "<group>"; };
		46A302AC2485F1430096F168 /* main.m */ = {isa = PBXFileReference; lastKnownFileType = sourcecode.c.objc; path = main.m; sourceTree = "<group>"; };
		46A302B32485FA7A0096F168 /* XXNSHashTable.h */ = {isa = PBXFileReference; lastKnownFileType = sourcecode.c.h; path = XXNSHashTable.h; sourceTree = "<group>"; };
		46A302B42485FA7A0096F168 /* XXNSHashTable.m */ = {isa = PBXFileReference; lastKnownFileType = sourcecode.c.objc; path = XXNSHashTable.m; sourceTree = "<group>"; };
		46A302B62485FE920096F168 /* Singleton.h */ = {isa = PBXFileReference; lastKnownFileType = sourcecode.c.h; path = Singleton.h; sourceTree = "<group>"; };
		46A302B72485FE920096F168 /* Singleton.m */ = {isa = PBXFileReference; lastKnownFileType = sourcecode.c.objc; path = Singleton.m; sourceTree = "<group>"; };
/* End PBXFileReference section */

/* Begin PBXFrameworksBuildPhase section */
		46A302942485F1410096F168 /* Frameworks */ = {
			isa = PBXFrameworksBuildPhase;
			buildActionMask = 2147483647;
			files = (
			);
			runOnlyForDeploymentPostprocessing = 0;
		};
/* End PBXFrameworksBuildPhase section */

/* Begin PBXGroup section */
		46A3028E2485F1400096F168 = {
			isa = PBXGroup;
			children = (
				46A302992485F1410096F168 /* iOSMap */,
				46A302982485F1410096F168 /* Products */,
			);
			sourceTree = "<group>";
		};
		46A302982485F1410096F168 /* Products */ = {
			isa = PBXGroup;
			children = (
				46A302972485F1410096F168 /* iOSMap.app */,
			);
			name = Products;
			sourceTree = "<group>";
		};
		46A302992485F1410096F168 /* iOSMap */ = {
			isa = PBXGroup;
			children = (
				46A3029A2485F1410096F168 /* AppDelegate.h */,
				46A3029B2485F1410096F168 /* AppDelegate.m */,
				46A3029D2485F1410096F168 /* SceneDelegate.h */,
				46A3029E2485F1410096F168 /* SceneDelegate.m */,
				46A302A02485F1410096F168 /* ViewController.h */,
				46A302A12485F1410096F168 /* ViewController.m */,
				46A302A32485F1410096F168 /* Main.storyboard */,
				46A302A62485F1430096F168 /* Assets.xcassets */,
				46A302A82485F1430096F168 /* LaunchScreen.storyboard */,
				46A302AB2485F1430096F168 /* Info.plist */,
				46A302AC2485F1430096F168 /* main.m */,
				46A302B32485FA7A0096F168 /* XXNSHashTable.h */,
				46A302B42485FA7A0096F168 /* XXNSHashTable.m */,
				46A302B62485FE920096F168 /* Singleton.h */,
				46A302B72485FE920096F168 /* Singleton.m */,
			);
			path = iOSMap;
			sourceTree = "<group>";
		};
/* End PBXGroup section */

/* Begin PBXNativeTarget section */
		46A302962485F1410096F168 /* iOSMap */ = {
			isa = PBXNativeTarget;
			buildConfigurationList = 46A302B02485F1430096F168 /* Build configuration list for PBXNativeTarget "iOSMap" */;
			buildPhases = (
				46A302932485F1410096F168 /* Sources */,
				46A302942485F1410096F168 /* Frameworks */,
				46A302952485F1410096F168 /* Resources */,
			);
			buildRules = (
			);
			dependencies = (
			);
			name = iOSMap;
			productName = iOSMap;
			productReference = 46A302972485F1410096F168 /* iOSMap.app */;
			productType = "com.apple.product-type.application";
		};
/* End PBXNativeTarget section */

/* Begin PBXProject section */
		46A3028F2485F1410096F168 /* Project object */ = {
			isa = PBXProject;
			attributes = {
				LastUpgradeCheck = 1130;
				ORGANIZATIONNAME = Mr.hu;
				TargetAttributes = {
					46A302962485F1410096F168 = {
						CreatedOnToolsVersion = 11.3;
					};
				};
			};
			buildConfigurationList = 46A302922485F1410096F168 /* Build configuration list for PBXProject "iOSMap" */;
			compatibilityVersion = "Xcode 9.3";
			developmentRegion = en;
			hasScannedForEncodings = 0;
			knownRegions = (
				en,
				Base,
			);
			mainGroup = 46A3028E2485F1400096F168;
			productRefGroup = 46A302982485F1410096F168 /* Products */;
			projectDirPath = "";
			projectRoot = "";
			targets = (
				46A302962485F1410096F168 /* iOSMap */,
			);
		};
/* End PBXProject section */

/* Begin PBXResourcesBuildPhase section */
		46A302952485F1410096F168 /* Resources */ = {
			isa = PBXResourcesBuildPhase;
			buildActionMask = 2147483647;
			files = (
				46A302AA2485F1430096F168 /* LaunchScreen.storyboard in Resources */,
				46A302A72485F1430096F168 /* Assets.xcassets in Resources */,
				46A302A52485F1410096F168 /* Main.storyboard in Resources */,
			);
			runOnlyForDeploymentPostprocessing = 0;
		};
/* End PBXResourcesBuildPhase section */

/* Begin PBXSourcesBuildPhase section */
		46A302932485F1410096F168 /* Sources */ = {
			isa = PBXSourcesBuildPhase;
			buildActionMask = 2147483647;
			files = (
				46A302A22485F1410096F168 /* ViewController.m in Sources */,
				46A3029C2485F1410096F168 /* AppDelegate.m in Sources */,
				46A302AD2485F1430096F168 /* main.m in Sources */,
				46A302B82485FE920096F168 /* Singleton.m in Sources */,
				46A302B52485FA7A0096F168 /* XXNSHashTable.m in Sources */,
				46A3029F2485F1410096F168 /* SceneDelegate.m in Sources */,
			);
			runOnlyForDeploymentPostprocessing = 0;
		};
/* End PBXSourcesBuildPhase section */

/* Begin PBXVariantGroup section */
		46A302A32485F1410096F168 /* Main.storyboard */ = {
			isa = PBXVariantGroup;
			children = (
				46A302A42485F1410096F168 /* Base */,
			);
			name = Main.storyboard;
			sourceTree = "<group>";
		};
		46A302A82485F1430096F168 /* LaunchScreen.storyboard */ = {
			isa = PBXVariantGroup;
			children = (
				46A302A92485F1430096F168 /* Base */,
			);
			name = LaunchScreen.storyboard;
			sourceTree = "<group>";
		};
/* End PBXVariantGroup section */

/* Begin XCBuildConfiguration section */
		46A302AE2485F1430096F168 /* Debug */ = {
			isa = XCBuildConfiguration;
			buildSettings = {
				ALWAYS_SEARCH_USER_PATHS = NO;
				CLANG_ANALYZER_NONNULL = YES;
				CLANG_ANALYZER_NUMBER_OBJECT_CONVERSION = YES_AGGRESSIVE;
				CLANG_CXX_LANGUAGE_STANDARD = "gnu++14";
				CLANG_CXX_LIBRARY = "libc++";
				CLANG_ENABLE_MODULES = YES;
				CLANG_ENABLE_OBJC_ARC = YES;
				CLANG_ENABLE_OBJC_WEAK = YES;
				CLANG_WARN_BLOCK_CAPTURE_AUTORELEASING = YES;
				CLANG_WARN_BOOL_CONVERSION = YES;
				CLANG_WARN_COMMA = YES;
				CLANG_WARN_CONSTANT_CONVERSION = YES;
				CLANG_WARN_DEPRECATED_OBJC_IMPLEMENTATIONS = YES;
				CLANG_WARN_DIRECT_OBJC_ISA_USAGE = YES_ERROR;
				CLANG_WARN_DOCUMENTATION_COMMENTS = YES;
				CLANG_WARN_EMPTY_BODY = YES;
				CLANG_WARN_ENUM_CONVERSION = YES;
				CLANG_WARN_INFINITE_RECURSION = YES;
				CLANG_WARN_INT_CONVERSION = YES;
				CLANG_WARN_NON_LITERAL_NULL_CONVERSION = YES;
				CLANG_WARN_OBJC_IMPLICIT_RETAIN_SELF = YES;
				CLANG_WARN_OBJC_LITERAL_CONVERSION = YES;
				CLANG_WARN_OBJC_ROOT_CLASS = YES_ERROR;
				CLANG_WARN_RANGE_LOOP_ANALYSIS = YES;
				CLANG_WARN_STRICT_PROTOTYPES = YES;
				CLANG_WARN_SUSPICIOUS_MOVE = YES;
				CLANG_WARN_UNGUARDED_AVAILABILITY = YES_AGGRESSIVE;
				CLANG_WARN_UNREACHABLE_CODE = YES;
				CLANG_WARN__DUPLICATE_METHOD_MATCH = YES;
				COPY_PHASE_STRIP = NO;
				DEBUG_INFORMATION_FORMAT = dwarf;
				ENABLE_STRICT_OBJC_MSGSEND = YES;
				ENABLE_TESTABILITY = YES;
				GCC_C_LANGUAGE_STANDARD = gnu11;
				GCC_DYNAMIC_NO_PIC = NO;
				GCC_NO_COMMON_BLOCKS = YES;
				GCC_OPTIMIZATION_LEVEL = 0;
				GCC_PREPROCESSOR_DEFINITIONS = (
					"DEBUG=1",
					"$(inherited)",
				);
				GCC_WARN_64_TO_32_BIT_CONVERSION = YES;
				GCC_WARN_ABOUT_RETURN_TYPE = YES_ERROR;
				GCC_WARN_UNDECLARED_SELECTOR = YES;
				GCC_WARN_UNINITIALIZED_AUTOS = YES_AGGRESSIVE;
				GCC_WARN_UNUSED_FUNCTION = YES;
				GCC_WARN_UNUSED_VARIABLE = YES;
				IPHONEOS_DEPLOYMENT_TARGET = 13.2;
				MTL_ENABLE_DEBUG_INFO = INCLUDE_SOURCE;
				MTL_FAST_MATH = YES;
				ONLY_ACTIVE_ARCH = YES;
				SDKROOT = iphoneos;
			};
			name = Debug;
		};
		46A302AF2485F1430096F168 /* Release */ = {
			isa = XCBuildConfiguration;
			buildSettings = {
				ALWAYS_SEARCH_USER_PATHS = NO;
				CLANG_ANALYZER_NONNULL = YES;
				CLANG_ANALYZER_NUMBER_OBJECT_CONVERSION = YES_AGGRESSIVE;
				CLANG_CXX_LANGUAGE_STANDARD = "gnu++14";
				CLANG_CXX_LIBRARY = "libc++";
				CLANG_ENABLE_MODULES = YES;
				CLANG_ENABLE_OBJC_ARC = YES;
				CLANG_ENABLE_OBJC_WEAK = YES;
				CLANG_WARN_BLOCK_CAPTURE_AUTORELEASING = YES;
				CLANG_WARN_BOOL_CONVERSION = YES;
				CLANG_WARN_COMMA = YES;
				CLANG_WARN_CONSTANT_CONVERSION = YES;
				CLANG_WARN_DEPRECATED_OBJC_IMPLEMENTATIONS = YES;
				CLANG_WARN_DIRECT_OBJC_ISA_USAGE = YES_ERROR;
				CLANG_WARN_DOCUMENTATION_COMMENTS = YES;
				CLANG_WARN_EMPTY_BODY = YES;
				CLANG_WARN_ENUM_CONVERSION = YES;
				CLANG_WARN_INFINITE_RECURSION = YES;
				CLANG_WARN_INT_CONVERSION = YES;
				CLANG_WARN_NON_LITERAL_NULL_CONVERSION = YES;
				CLANG_WARN_OBJC_IMPLICIT_RETAIN_SELF = YES;
				CLANG_WARN_OBJC_LITERAL_CONVERSION = YES;
				CLANG_WARN_OBJC_ROOT_CLASS = YES_ERROR;
				CLANG_WARN_RANGE_LOOP_ANALYSIS = YES;
				CLANG_WARN_STRICT_PROTOTYPES = YES;
				CLANG_WARN_SUSPICIOUS_MOVE = YES;
				CLANG_WARN_UNGUARDED_AVAILABILITY = YES_AGGRESSIVE;
				CLANG_WARN_UNREACHABLE_CODE = YES;
				CLANG_WARN__DUPLICATE_METHOD_MATCH = YES;
				COPY_PHASE_STRIP = NO;
				DEBUG_INFORMATION_FORMAT = "dwarf-with-dsym";
				ENABLE_NS_ASSERTIONS = NO;
				ENABLE_STRICT_OBJC_MSGSEND = YES;
				GCC_C_LANGUAGE_STANDARD = gnu11;
				GCC_NO_COMMON_BLOCKS = YES;
				GCC_WARN_64_TO_32_BIT_CONVERSION = YES;
				GCC_WARN_ABOUT_RETURN_TYPE = YES_ERROR;
				GCC_WARN_UNDECLARED_SELECTOR = YES;
				GCC_WARN_UNINITIALIZED_AUTOS = YES_AGGRESSIVE;
				GCC_WARN_UNUSED_FUNCTION = YES;
				GCC_WARN_UNUSED_VARIABLE = YES;
				IPHONEOS_DEPLOYMENT_TARGET = 13.2;
				MTL_ENABLE_DEBUG_INFO = NO;
				MTL_FAST_MATH = YES;
				SDKROOT = iphoneos;
				VALIDATE_PRODUCT = YES;
			};
			name = Release;
		};
		46A302B12485F1430096F168 /* Debug */ = {
			isa = XCBuildConfiguration;
			buildSettings = {
				ASSETCATALOG_COMPILER_APPICON_NAME = AppIcon;
				CODE_SIGN_STYLE = Automatic;
				INFOPLIST_FILE = iOSMap/Info.plist;
				LD_RUNPATH_SEARCH_PATHS = (
					"$(inherited)",
					"@executable_path/Frameworks",
				);
				PRODUCT_BUNDLE_IDENTIFIER = com.freedom.iOSMap;
				PRODUCT_NAME = "$(TARGET_NAME)";
				TARGETED_DEVICE_FAMILY = "1,2";
			};
			name = Debug;
		};
		46A302B22485F1430096F168 /* Release */ = {
			isa = XCBuildConfiguration;
			buildSettings = {
				ASSETCATALOG_COMPILER_APPICON_NAME = AppIcon;
				CODE_SIGN_STYLE = Automatic;
				INFOPLIST_FILE = iOSMap/Info.plist;
				LD_RUNPATH_SEARCH_PATHS = (
					"$(inherited)",
					"@executable_path/Frameworks",
				);
				PRODUCT_BUNDLE_IDENTIFIER = com.freedom.iOSMap;
				PRODUCT_NAME = "$(TARGET_NAME)";
				TARGETED_DEVICE_FAMILY = "1,2";
			};
			name = Release;
		};
/* End XCBuildConfiguration section */

/* Begin XCConfigurationList section */
		46A302922485F1410096F168 /* Build configuration list for PBXProject "iOSMap" */ = {
			isa = XCConfigurationList;
			buildConfigurations = (
				46A302AE2485F1430096F168 /* Debug */,
				46A302AF2485F1430096F168 /* Release */,
			);
			defaultConfigurationIsVisible = 0;
			defaultConfigurationName = Release;
		};
		46A302B02485F1430096F168 /* Build configuration list for PBXNativeTarget "iOSMap" */ = {
			isa = XCConfigurationList;
			buildConfigurations = (
				46A302B12485F1430096F168 /* Debug */,
				46A302B22485F1430096F168 /* Release */,
			);
			defaultConfigurationIsVisible = 0;
			defaultConfigurationName = Release;
		};
/* End XCConfigurationList section */
	};
	rootObject = 46A3028F2485F1410096F168 /* Project object */;
}
